
Microsoft Visual Studio Solution File, Format Version 12.00
# Visual Studio Version 17
VisualStudioVersion = 17.3.32922.545
MinimumVisualStudioVersion = 10.0.40219.1
Project("{FAE04EC0-301F-11D3-BF4B-00C04F79EFBC}") = "Desafio1.1", "Desafio1.1\Desafio1.1.csproj", "{88D3F37E-B521-45E0-8EE1-D6E208489722}"
EndProject
Project("{2150E333-8FDC-42A3-9474-1A3956D46DE8}") = "Elementos de la solución", "Elementos de la solución", "{45E54E5A-8029-4B13-B069-1D8B9784BBED}"
EndProject
Global
	GlobalSection(SolutionConfigurationPlatforms) = preSolution
		Debug|Any CPU = Debug|Any CPU
		Release|Any CPU = Release|Any CPU
	EndGlobalSection
	GlobalSection(ProjectConfigurationPlatforms) = postSolution
		{88D3F37E-B521-45E0-8EE1-D6E208489722}.Debug|Any CPU.ActiveCfg = Debug|Any CPU
		{88D3F37E-B521-45E0-8EE1-D6E208489722}.Debug|Any CPU.Build.0 = Debug|Any CPU
		{88D3F37E-B521-45E0-8EE1-D6E208489722}.Release|Any CPU.ActiveCfg = Release|Any CPU
		{88D3F37E-B521-45E0-8EE1-D6E208489722}.Release|Any CPU.Build.0 = Release|Any CPU
	EndGlobalSection
	GlobalSection(SolutionProperties) = preSolution
		HideSolutionNode = FALSE
	EndGlobalSection
	GlobalSection(ExtensibilityGlobals) = postSolution
		SolutionGuid = {A8656434-E338-4DA0-900E-B659CCECFF7C}
	EndGlobalSection
EndGlobal
